
Microsoft Visual Studio Solution File, Format Version 12.00
# Visual Studio Version 17
VisualStudioVersion = 17.6.33927.249
MinimumVisualStudioVersion = 10.0.40219.1
Project("{FAE04EC0-301F-11D3-BF4B-00C04F79EFBC}") = "WorkingWithDictionaries", "WorkingWithDictionaries\WorkingWithDictionaries.csproj", "{5C1136AC-63EE-41E9-9FD1-CC28B7366D2A}"
EndProject
Global
	GlobalSection(SolutionConfigurationPlatforms) = preSolution
		Debug|Any CPU = Debug|Any CPU
		Release|Any CPU = Release|Any CPU
	EndGlobalSection
	GlobalSection(ProjectConfigurationPlatforms) = postSolution
		{5C1136AC-63EE-41E9-9FD1-CC28B7366D2A}.Debug|Any CPU.ActiveCfg = Debug|Any CPU
		{5C1136AC-63EE-41E9-9FD1-CC28B7366D2A}.Debug|Any CPU.Build.0 = Debug|Any CPU
		{5C1136AC-63EE-41E9-9FD1-CC28B7366D2A}.Release|Any CPU.ActiveCfg = Release|Any CPU
		{5C1136AC-63EE-41E9-9FD1-CC28B7366D2A}.Release|Any CPU.Build.0 = Release|Any CPU
	EndGlobalSection
	GlobalSection(SolutionProperties) = preSolution
		HideSolutionNode = FALSE
	EndGlobalSection
	GlobalSection(ExtensibilityGlobals) = postSolution
		SolutionGuid = {DD6B7D2C-9D65-46FF-A87F-807482749C7C}
	EndGlobalSection
EndGlobal
