
Microsoft Visual Studio Solution File, Format Version 12.00
# Visual Studio Version 17
VisualStudioVersion = 17.9.34902.65
MinimumVisualStudioVersion = 10.0.40219.1
Project("{FAE04EC0-301F-11D3-BF4B-00C04F79EFBC}") = "MoreLinqExamples.ConsoleApp", "MoreLinqExamples.ConsoleApp\MoreLinqExamples.ConsoleApp.csproj", "{572CB2CC-004C-4E5D-AC5C-6B943A17AE3F}"
EndProject
Project("{FAE04EC0-301F-11D3-BF4B-00C04F79EFBC}") = "MoreLinqExamples.Benchmarks", "MoreLinqExamples.Benchmarks\MoreLinqExamples.Benchmarks.csproj", "{F4C722FD-51CE-48D4-8203-91625A45F795}"
EndProject
Global
	GlobalSection(SolutionConfigurationPlatforms) = preSolution
		Debug|Any CPU = Debug|Any CPU
		Release|Any CPU = Release|Any CPU
	EndGlobalSection
	GlobalSection(ProjectConfigurationPlatforms) = postSolution
		{572CB2CC-004C-4E5D-AC5C-6B943A17AE3F}.Debug|Any CPU.ActiveCfg = Debug|Any CPU
		{572CB2CC-004C-4E5D-AC5C-6B943A17AE3F}.Debug|Any CPU.Build.0 = Debug|Any CPU
		{572CB2CC-004C-4E5D-AC5C-6B943A17AE3F}.Release|Any CPU.ActiveCfg = Release|Any CPU
		{572CB2CC-004C-4E5D-AC5C-6B943A17AE3F}.Release|Any CPU.Build.0 = Release|Any CPU
		{F4C722FD-51CE-48D4-8203-91625A45F795}.Debug|Any CPU.ActiveCfg = Debug|Any CPU
		{F4C722FD-51CE-48D4-8203-91625A45F795}.Debug|Any CPU.Build.0 = Debug|Any CPU
		{F4C722FD-51CE-48D4-8203-91625A45F795}.Release|Any CPU.ActiveCfg = Release|Any CPU
		{F4C722FD-51CE-48D4-8203-91625A45F795}.Release|Any CPU.Build.0 = Release|Any CPU
	EndGlobalSection
	GlobalSection(SolutionProperties) = preSolution
		HideSolutionNode = FALSE
	EndGlobalSection
	GlobalSection(ExtensibilityGlobals) = postSolution
		SolutionGuid = {384D4F48-2418-4300-9A72-9F86C2306FBC}
	EndGlobalSection
EndGlobal
