
Microsoft Visual Studio Solution File, Format Version 12.00
# Visual Studio Version 17
VisualStudioVersion = 17.9.34902.65
MinimumVisualStudioVersion = 10.0.40219.1
Project("{FAE04EC0-301F-11D3-BF4B-00C04F79EFBC}") = "ScrutorVsAutofac.DemoApp", "ScrutorVsAutofac.DemoApp\ScrutorVsAutofac.DemoApp.csproj", "{8D468CAF-1468-44AB-AB7D-EA8FF8FD480D}"
EndProject
Project("{FAE04EC0-301F-11D3-BF4B-00C04F79EFBC}") = "ScrutorVsAutofac.RegistrationCallbackExampleApp", "ScrutorVsAutofac.RegistrationCallbackExampleApp\ScrutorVsAutofac.RegistrationCallbackExampleApp.csproj", "{6F5B35AF-C840-4FCE-9674-8B99754E354D}"
EndProject
Project("{FAE04EC0-301F-11D3-BF4B-00C04F79EFBC}") = "AutofacPlugin1", "AutofacPlugin1\AutofacPlugin1.csproj", "{5F7A3DCD-AC76-4546-8E0A-1AE96A027495}"
EndProject
Project("{FAE04EC0-301F-11D3-BF4B-00C04F79EFBC}") = "ScrutorVsAutofac.SDK", "ScrutorVsAutofac.SDK\ScrutorVsAutofac.SDK.csproj", "{05B7B202-5B22-4425-888F-8E892C52E8C6}"
EndProject
Project("{FAE04EC0-301F-11D3-BF4B-00C04F79EFBC}") = "ScrutorPlugin1", "ScrutorPlugin1\ScrutorPlugin1.csproj", "{795792C1-85E3-4917-AAA6-7BB1DCF0D79A}"
EndProject
Global
	GlobalSection(SolutionConfigurationPlatforms) = preSolution
		Debug|Any CPU = Debug|Any CPU
		Release|Any CPU = Release|Any CPU
	EndGlobalSection
	GlobalSection(ProjectConfigurationPlatforms) = postSolution
		{8D468CAF-1468-44AB-AB7D-EA8FF8FD480D}.Debug|Any CPU.ActiveCfg = Debug|Any CPU
		{8D468CAF-1468-44AB-AB7D-EA8FF8FD480D}.Debug|Any CPU.Build.0 = Debug|Any CPU
		{8D468CAF-1468-44AB-AB7D-EA8FF8FD480D}.Release|Any CPU.ActiveCfg = Release|Any CPU
		{8D468CAF-1468-44AB-AB7D-EA8FF8FD480D}.Release|Any CPU.Build.0 = Release|Any CPU
		{6F5B35AF-C840-4FCE-9674-8B99754E354D}.Debug|Any CPU.ActiveCfg = Debug|Any CPU
		{6F5B35AF-C840-4FCE-9674-8B99754E354D}.Debug|Any CPU.Build.0 = Debug|Any CPU
		{6F5B35AF-C840-4FCE-9674-8B99754E354D}.Release|Any CPU.ActiveCfg = Release|Any CPU
		{6F5B35AF-C840-4FCE-9674-8B99754E354D}.Release|Any CPU.Build.0 = Release|Any CPU
		{5F7A3DCD-AC76-4546-8E0A-1AE96A027495}.Debug|Any CPU.ActiveCfg = Debug|Any CPU
		{5F7A3DCD-AC76-4546-8E0A-1AE96A027495}.Debug|Any CPU.Build.0 = Debug|Any CPU
		{5F7A3DCD-AC76-4546-8E0A-1AE96A027495}.Release|Any CPU.ActiveCfg = Release|Any CPU
		{5F7A3DCD-AC76-4546-8E0A-1AE96A027495}.Release|Any CPU.Build.0 = Release|Any CPU
		{05B7B202-5B22-4425-888F-8E892C52E8C6}.Debug|Any CPU.ActiveCfg = Debug|Any CPU
		{05B7B202-5B22-4425-888F-8E892C52E8C6}.Debug|Any CPU.Build.0 = Debug|Any CPU
		{05B7B202-5B22-4425-888F-8E892C52E8C6}.Release|Any CPU.ActiveCfg = Release|Any CPU
		{05B7B202-5B22-4425-888F-8E892C52E8C6}.Release|Any CPU.Build.0 = Release|Any CPU
		{795792C1-85E3-4917-AAA6-7BB1DCF0D79A}.Debug|Any CPU.ActiveCfg = Debug|Any CPU
		{795792C1-85E3-4917-AAA6-7BB1DCF0D79A}.Debug|Any CPU.Build.0 = Debug|Any CPU
		{795792C1-85E3-4917-AAA6-7BB1DCF0D79A}.Release|Any CPU.ActiveCfg = Release|Any CPU
		{795792C1-85E3-4917-AAA6-7BB1DCF0D79A}.Release|Any CPU.Build.0 = Release|Any CPU
	EndGlobalSection
	GlobalSection(SolutionProperties) = preSolution
		HideSolutionNode = FALSE
	EndGlobalSection
	GlobalSection(ExtensibilityGlobals) = postSolution
		SolutionGuid = {C8011333-EFF3-46D8-B3A7-D8203276DDBE}
	EndGlobalSection
EndGlobal
