
Microsoft Visual Studio Solution File, Format Version 12.00
# Visual Studio Version 17
VisualStudioVersion = 17.4.33213.308
MinimumVisualStudioVersion = 10.0.40219.1
Project("{9A19103F-16F7-4668-BE54-9A1E7A4F7556}") = "SocialMediaAssistant.Console", "SocialMediaAssistant.Console\SocialMediaAssistant.Console.csproj", "{CF9F444A-797D-4F92-B032-B0FDE717E86F}"
EndProject
Project("{FAE04EC0-301F-11D3-BF4B-00C04F79EFBC}") = "SocialMediaAssistant.Selenium", "SocialMediaAssistant.Selenium\SocialMediaAssistant.Selenium.csproj", "{888C27EB-8B82-4AEC-B512-369AEEBE6F7B}"
EndProject
Global
	GlobalSection(SolutionConfigurationPlatforms) = preSolution
		Debug|Any CPU = Debug|Any CPU
		Release|Any CPU = Release|Any CPU
	EndGlobalSection
	GlobalSection(ProjectConfigurationPlatforms) = postSolution
		{CF9F444A-797D-4F92-B032-B0FDE717E86F}.Debug|Any CPU.ActiveCfg = Debug|Any CPU
		{CF9F444A-797D-4F92-B032-B0FDE717E86F}.Debug|Any CPU.Build.0 = Debug|Any CPU
		{CF9F444A-797D-4F92-B032-B0FDE717E86F}.Release|Any CPU.ActiveCfg = Release|Any CPU
		{CF9F444A-797D-4F92-B032-B0FDE717E86F}.Release|Any CPU.Build.0 = Release|Any CPU
		{888C27EB-8B82-4AEC-B512-369AEEBE6F7B}.Debug|Any CPU.ActiveCfg = Debug|Any CPU
		{888C27EB-8B82-4AEC-B512-369AEEBE6F7B}.Debug|Any CPU.Build.0 = Debug|Any CPU
		{888C27EB-8B82-4AEC-B512-369AEEBE6F7B}.Release|Any CPU.ActiveCfg = Release|Any CPU
		{888C27EB-8B82-4AEC-B512-369AEEBE6F7B}.Release|Any CPU.Build.0 = Release|Any CPU
	EndGlobalSection
	GlobalSection(SolutionProperties) = preSolution
		HideSolutionNode = FALSE
	EndGlobalSection
	GlobalSection(ExtensibilityGlobals) = postSolution
		SolutionGuid = {166F8B02-2C66-4BDE-B616-2C2AB8F43676}
	EndGlobalSection
EndGlobal
