
Microsoft Visual Studio Solution File, Format Version 12.00
# Visual Studio Version 17
VisualStudioVersion = 17.12.35506.116 d17.12
MinimumVisualStudioVersion = 10.0.40219.1
Project("{FAE04EC0-301F-11D3-BF4B-00C04F79EFBC}") = "InstallerTutorial.WpfApp", "InstallerTutorial.WpfApp\InstallerTutorial.WpfApp.csproj", "{A918F2CB-3894-441E-93D9-8DE5AD8FD098}"
EndProject
Project("{54435603-DBB4-11D2-8724-00A0C9A8B90C}") = "InstallerTutorial.Installer", "InstallerTutorial.Installer\InstallerTutorial.Installer.vdproj", "{FAA6CAB6-3DD8-4E8C-8C4F-9C595DB02A14}"
EndProject
Global
	GlobalSection(SolutionConfigurationPlatforms) = preSolution
		Debug|Any CPU = Debug|Any CPU
		Release|Any CPU = Release|Any CPU
	EndGlobalSection
	GlobalSection(ProjectConfigurationPlatforms) = postSolution
		{A918F2CB-3894-441E-93D9-8DE5AD8FD098}.Debug|Any CPU.ActiveCfg = Debug|Any CPU
		{A918F2CB-3894-441E-93D9-8DE5AD8FD098}.Debug|Any CPU.Build.0 = Debug|Any CPU
		{A918F2CB-3894-441E-93D9-8DE5AD8FD098}.Release|Any CPU.ActiveCfg = Release|Any CPU
		{A918F2CB-3894-441E-93D9-8DE5AD8FD098}.Release|Any CPU.Build.0 = Release|Any CPU
		{FAA6CAB6-3DD8-4E8C-8C4F-9C595DB02A14}.Debug|Any CPU.ActiveCfg = Debug
		{FAA6CAB6-3DD8-4E8C-8C4F-9C595DB02A14}.Release|Any CPU.ActiveCfg = Release
	EndGlobalSection
	GlobalSection(SolutionProperties) = preSolution
		HideSolutionNode = FALSE
	EndGlobalSection
EndGlobal
