
Microsoft Visual Studio Solution File, Format Version 12.00
# Visual Studio Version 17
VisualStudioVersion = 17.4.33205.214
MinimumVisualStudioVersion = 10.0.40219.1
Project("{FAE04EC0-301F-11D3-BF4B-00C04F79EFBC}") = "AllAboutEnumerables.Introduction", "AllAboutEnumerables.Introduction\AllAboutEnumerables.Introduction.csproj", "{369DDA89-9E56-4EB8-AD01-2BABBF067066}"
EndProject
Global
	GlobalSection(SolutionConfigurationPlatforms) = preSolution
		Debug|Any CPU = Debug|Any CPU
		Release|Any CPU = Release|Any CPU
	EndGlobalSection
	GlobalSection(ProjectConfigurationPlatforms) = postSolution
		{369DDA89-9E56-4EB8-AD01-2BABBF067066}.Debug|Any CPU.ActiveCfg = Debug|Any CPU
		{369DDA89-9E56-4EB8-AD01-2BABBF067066}.Debug|Any CPU.Build.0 = Debug|Any CPU
		{369DDA89-9E56-4EB8-AD01-2BABBF067066}.Release|Any CPU.ActiveCfg = Release|Any CPU
		{369DDA89-9E56-4EB8-AD01-2BABBF067066}.Release|Any CPU.Build.0 = Release|Any CPU
	EndGlobalSection
	GlobalSection(SolutionProperties) = preSolution
		HideSolutionNode = FALSE
	EndGlobalSection
	GlobalSection(ExtensibilityGlobals) = postSolution
		SolutionGuid = {67667188-BCE8-4A7A-AE25-D87F1FE56235}
	EndGlobalSection
EndGlobal
