
Microsoft Visual Studio Solution File, Format Version 12.00
# Visual Studio Version 17
VisualStudioVersion = 17.4.33205.214
MinimumVisualStudioVersion = 10.0.40219.1
Project("{9A19103F-16F7-4668-BE54-9A1E7A4F7556}") = "AllAboutEnumerables.Introduction", "AllAboutEnumerables.Introduction\AllAboutEnumerables.Introduction.csproj", "{369DDA89-9E56-4EB8-AD01-2BABBF067066}"
EndProject
Project("{9A19103F-16F7-4668-BE54-9A1E7A4F7556}") = "AllAboutEnumerables.IteratorBasics", "AllAboutEnumerables.IteratorBasics\AllAboutEnumerables.IteratorBasics.csproj", "{394E8C7A-4BFB-4CE3-8067-9883377DCCCD}"
EndProject
Project("{9A19103F-16F7-4668-BE54-9A1E7A4F7556}") = "AllAboutEnumerables.IteratorAndCollectionPitfalls", "AllAboutEnumerables.IteratorAndCollectionPitfalls\AllAboutEnumerables.IteratorAndCollectionPitfalls.csproj", "{D06346CE-35F5-4942-8259-66655035FFF6}"
EndProject
Project("{9A19103F-16F7-4668-BE54-9A1E7A4F7556}") = "AllAboutEnumerables.BasicIteratorBenchmarks", "AllAboutEnumerables.BasicIteratorBenchmarks\AllAboutEnumerables.BasicIteratorBenchmarks.csproj", "{E0381DC7-49EB-4040-80B0-8EB39840D607}"
EndProject
Project("{FAE04EC0-301F-11D3-BF4B-00C04F79EFBC}") = "AllAboutEnumerables.PagingVariationBenchmarks", "AllAboutEnumerables.PagingVariationBenchmarks\AllAboutEnumerables.PagingVariationBenchmarks.csproj", "{76390E94-1C0C-466D-92FD-F59613D256B8}"
EndProject
Global
	GlobalSection(SolutionConfigurationPlatforms) = preSolution
		Debug|Any CPU = Debug|Any CPU
		Release|Any CPU = Release|Any CPU
	EndGlobalSection
	GlobalSection(ProjectConfigurationPlatforms) = postSolution
		{369DDA89-9E56-4EB8-AD01-2BABBF067066}.Debug|Any CPU.ActiveCfg = Debug|Any CPU
		{369DDA89-9E56-4EB8-AD01-2BABBF067066}.Debug|Any CPU.Build.0 = Debug|Any CPU
		{369DDA89-9E56-4EB8-AD01-2BABBF067066}.Release|Any CPU.ActiveCfg = Release|Any CPU
		{369DDA89-9E56-4EB8-AD01-2BABBF067066}.Release|Any CPU.Build.0 = Release|Any CPU
		{394E8C7A-4BFB-4CE3-8067-9883377DCCCD}.Debug|Any CPU.ActiveCfg = Debug|Any CPU
		{394E8C7A-4BFB-4CE3-8067-9883377DCCCD}.Debug|Any CPU.Build.0 = Debug|Any CPU
		{394E8C7A-4BFB-4CE3-8067-9883377DCCCD}.Release|Any CPU.ActiveCfg = Release|Any CPU
		{394E8C7A-4BFB-4CE3-8067-9883377DCCCD}.Release|Any CPU.Build.0 = Release|Any CPU
		{D06346CE-35F5-4942-8259-66655035FFF6}.Debug|Any CPU.ActiveCfg = Debug|Any CPU
		{D06346CE-35F5-4942-8259-66655035FFF6}.Debug|Any CPU.Build.0 = Debug|Any CPU
		{D06346CE-35F5-4942-8259-66655035FFF6}.Release|Any CPU.ActiveCfg = Release|Any CPU
		{D06346CE-35F5-4942-8259-66655035FFF6}.Release|Any CPU.Build.0 = Release|Any CPU
		{E0381DC7-49EB-4040-80B0-8EB39840D607}.Debug|Any CPU.ActiveCfg = Debug|Any CPU
		{E0381DC7-49EB-4040-80B0-8EB39840D607}.Debug|Any CPU.Build.0 = Debug|Any CPU
		{E0381DC7-49EB-4040-80B0-8EB39840D607}.Release|Any CPU.ActiveCfg = Release|Any CPU
		{E0381DC7-49EB-4040-80B0-8EB39840D607}.Release|Any CPU.Build.0 = Release|Any CPU
		{76390E94-1C0C-466D-92FD-F59613D256B8}.Debug|Any CPU.ActiveCfg = Debug|Any CPU
		{76390E94-1C0C-466D-92FD-F59613D256B8}.Debug|Any CPU.Build.0 = Debug|Any CPU
		{76390E94-1C0C-466D-92FD-F59613D256B8}.Release|Any CPU.ActiveCfg = Release|Any CPU
		{76390E94-1C0C-466D-92FD-F59613D256B8}.Release|Any CPU.Build.0 = Release|Any CPU
	EndGlobalSection
	GlobalSection(SolutionProperties) = preSolution
		HideSolutionNode = FALSE
	EndGlobalSection
	GlobalSection(ExtensibilityGlobals) = postSolution
		SolutionGuid = {67667188-BCE8-4A7A-AE25-D87F1FE56235}
	EndGlobalSection
EndGlobal
