
Microsoft Visual Studio Solution File, Format Version 12.00
# Visual Studio Version 17
VisualStudioVersion = 17.9.34902.65
MinimumVisualStudioVersion = 10.0.40219.1
Project("{FAE04EC0-301F-11D3-BF4B-00C04F79EFBC}") = "OptionsMonitorExample", "OptionsMonitorExample\OptionsMonitorExample.csproj", "{07496A7A-9130-48D7-B0B4-17F1BE78B7EC}"
EndProject
Global
	GlobalSection(SolutionConfigurationPlatforms) = preSolution
		Debug|Any CPU = Debug|Any CPU
		Release|Any CPU = Release|Any CPU
	EndGlobalSection
	GlobalSection(ProjectConfigurationPlatforms) = postSolution
		{07496A7A-9130-48D7-B0B4-17F1BE78B7EC}.Debug|Any CPU.ActiveCfg = Debug|Any CPU
		{07496A7A-9130-48D7-B0B4-17F1BE78B7EC}.Debug|Any CPU.Build.0 = Debug|Any CPU
		{07496A7A-9130-48D7-B0B4-17F1BE78B7EC}.Release|Any CPU.ActiveCfg = Release|Any CPU
		{07496A7A-9130-48D7-B0B4-17F1BE78B7EC}.Release|Any CPU.Build.0 = Release|Any CPU
	EndGlobalSection
	GlobalSection(SolutionProperties) = preSolution
		HideSolutionNode = FALSE
	EndGlobalSection
	GlobalSection(ExtensibilityGlobals) = postSolution
		SolutionGuid = {D7FCCDCE-B816-410C-A765-E9BD11C98BC5}
	EndGlobalSection
EndGlobal
