
Microsoft Visual Studio Solution File, Format Version 12.00
# Visual Studio Version 17
VisualStudioVersion = 17.5.33516.290
MinimumVisualStudioVersion = 10.0.40219.1
Project("{FAE04EC0-301F-11D3-BF4B-00C04F79EFBC}") = "ArraysListsDictionaries", "ArraysListsDictionaries\ArraysListsDictionaries.csproj", "{11907ABA-FEEE-4ADF-9060-2A4D051BC5AA}"
EndProject
Global
	GlobalSection(SolutionConfigurationPlatforms) = preSolution
		Debug|Any CPU = Debug|Any CPU
		Release|Any CPU = Release|Any CPU
	EndGlobalSection
	GlobalSection(ProjectConfigurationPlatforms) = postSolution
		{11907ABA-FEEE-4ADF-9060-2A4D051BC5AA}.Debug|Any CPU.ActiveCfg = Debug|Any CPU
		{11907ABA-FEEE-4ADF-9060-2A4D051BC5AA}.Debug|Any CPU.Build.0 = Debug|Any CPU
		{11907ABA-FEEE-4ADF-9060-2A4D051BC5AA}.Release|Any CPU.ActiveCfg = Release|Any CPU
		{11907ABA-FEEE-4ADF-9060-2A4D051BC5AA}.Release|Any CPU.Build.0 = Release|Any CPU
	EndGlobalSection
	GlobalSection(SolutionProperties) = preSolution
		HideSolutionNode = FALSE
	EndGlobalSection
	GlobalSection(ExtensibilityGlobals) = postSolution
		SolutionGuid = {2055F2FD-2AAA-4C14-9BB4-C6B21D103E78}
	EndGlobalSection
EndGlobal
