
Microsoft Visual Studio Solution File, Format Version 12.00
# Visual Studio Version 17
VisualStudioVersion = 17.6.33829.357
MinimumVisualStudioVersion = 10.0.40219.1
Project("{FAE04EC0-301F-11D3-BF4B-00C04F79EFBC}") = "AsciiArtGenerator", "AsciiArtGenerator\AsciiArtGenerator.csproj", "{8F83820C-8AB3-487A-AFF0-A4BB32B5D3AD}"
EndProject
Global
	GlobalSection(SolutionConfigurationPlatforms) = preSolution
		Debug|Any CPU = Debug|Any CPU
		Release|Any CPU = Release|Any CPU
	EndGlobalSection
	GlobalSection(ProjectConfigurationPlatforms) = postSolution
		{8F83820C-8AB3-487A-AFF0-A4BB32B5D3AD}.Debug|Any CPU.ActiveCfg = Debug|Any CPU
		{8F83820C-8AB3-487A-AFF0-A4BB32B5D3AD}.Debug|Any CPU.Build.0 = Debug|Any CPU
		{8F83820C-8AB3-487A-AFF0-A4BB32B5D3AD}.Release|Any CPU.ActiveCfg = Release|Any CPU
		{8F83820C-8AB3-487A-AFF0-A4BB32B5D3AD}.Release|Any CPU.Build.0 = Release|Any CPU
	EndGlobalSection
	GlobalSection(SolutionProperties) = preSolution
		HideSolutionNode = FALSE
	EndGlobalSection
	GlobalSection(ExtensibilityGlobals) = postSolution
		SolutionGuid = {C540D080-3477-486A-9E50-F726FAE8C7F7}
	EndGlobalSection
EndGlobal
