
Microsoft Visual Studio Solution File, Format Version 12.00
# Visual Studio Version 17
VisualStudioVersion = 17.6.33927.249
MinimumVisualStudioVersion = 10.0.40219.1
Project("{FAE04EC0-301F-11D3-BF4B-00C04F79EFBC}") = "AutofacChildScopeBuilder", "AutofacChildScopeBuilder\AutofacChildScopeBuilder.csproj", "{C2083A08-6D31-4191-80B8-526888C92EA9}"
EndProject
Global
	GlobalSection(SolutionConfigurationPlatforms) = preSolution
		Debug|Any CPU = Debug|Any CPU
		Release|Any CPU = Release|Any CPU
	EndGlobalSection
	GlobalSection(ProjectConfigurationPlatforms) = postSolution
		{C2083A08-6D31-4191-80B8-526888C92EA9}.Debug|Any CPU.ActiveCfg = Debug|Any CPU
		{C2083A08-6D31-4191-80B8-526888C92EA9}.Debug|Any CPU.Build.0 = Debug|Any CPU
		{C2083A08-6D31-4191-80B8-526888C92EA9}.Release|Any CPU.ActiveCfg = Release|Any CPU
		{C2083A08-6D31-4191-80B8-526888C92EA9}.Release|Any CPU.Build.0 = Release|Any CPU
	EndGlobalSection
	GlobalSection(SolutionProperties) = preSolution
		HideSolutionNode = FALSE
	EndGlobalSection
	GlobalSection(ExtensibilityGlobals) = postSolution
		SolutionGuid = {FECE13CB-04F9-45A8-B4FB-6FFDFFB05741}
	EndGlobalSection
EndGlobal
