
Microsoft Visual Studio Solution File, Format Version 12.00
# Visual Studio Version 17
VisualStudioVersion = 17.8.34330.188
MinimumVisualStudioVersion = 10.0.40219.1
Project("{9A19103F-16F7-4668-BE54-9A1E7A4F7556}") = "LetsGetDefensive", "LetsGetDefensive\LetsGetDefensive.csproj", "{FB78452F-9E75-40A7-8032-5C846693076D}"
EndProject
Project("{9A19103F-16F7-4668-BE54-9A1E7A4F7556}") = "SomeThirdPartyAssembly", "SomeThirdPartyAssembly\SomeThirdPartyAssembly.csproj", "{2A54FB2C-CF8A-4012-9316-806ED779B73E}"
EndProject
Project("{FAE04EC0-301F-11D3-BF4B-00C04F79EFBC}") = "UnitTests", "UnitTests\UnitTests.csproj", "{13702796-5BDA-44E3-BF75-7C4CC24F65B6}"
EndProject
Global
	GlobalSection(SolutionConfigurationPlatforms) = preSolution
		Debug|Any CPU = Debug|Any CPU
		Release|Any CPU = Release|Any CPU
	EndGlobalSection
	GlobalSection(ProjectConfigurationPlatforms) = postSolution
		{FB78452F-9E75-40A7-8032-5C846693076D}.Debug|Any CPU.ActiveCfg = Debug|Any CPU
		{FB78452F-9E75-40A7-8032-5C846693076D}.Debug|Any CPU.Build.0 = Debug|Any CPU
		{FB78452F-9E75-40A7-8032-5C846693076D}.Release|Any CPU.ActiveCfg = Release|Any CPU
		{FB78452F-9E75-40A7-8032-5C846693076D}.Release|Any CPU.Build.0 = Release|Any CPU
		{2A54FB2C-CF8A-4012-9316-806ED779B73E}.Debug|Any CPU.ActiveCfg = Debug|Any CPU
		{2A54FB2C-CF8A-4012-9316-806ED779B73E}.Debug|Any CPU.Build.0 = Debug|Any CPU
		{2A54FB2C-CF8A-4012-9316-806ED779B73E}.Release|Any CPU.ActiveCfg = Release|Any CPU
		{2A54FB2C-CF8A-4012-9316-806ED779B73E}.Release|Any CPU.Build.0 = Release|Any CPU
		{13702796-5BDA-44E3-BF75-7C4CC24F65B6}.Debug|Any CPU.ActiveCfg = Debug|Any CPU
		{13702796-5BDA-44E3-BF75-7C4CC24F65B6}.Debug|Any CPU.Build.0 = Debug|Any CPU
		{13702796-5BDA-44E3-BF75-7C4CC24F65B6}.Release|Any CPU.ActiveCfg = Release|Any CPU
		{13702796-5BDA-44E3-BF75-7C4CC24F65B6}.Release|Any CPU.Build.0 = Release|Any CPU
	EndGlobalSection
	GlobalSection(SolutionProperties) = preSolution
		HideSolutionNode = FALSE
	EndGlobalSection
	GlobalSection(ExtensibilityGlobals) = postSolution
		SolutionGuid = {34DF3404-31EC-42F1-A0F6-EEAE23507DC8}
	EndGlobalSection
EndGlobal
