
Microsoft Visual Studio Solution File, Format Version 12.00
# Visual Studio Version 17
VisualStudioVersion = 17.8.34330.188
MinimumVisualStudioVersion = 10.0.40219.1
Project("{FAE04EC0-301F-11D3-BF4B-00C04F79EFBC}") = "AsyncEventHandlers.ExampleApp", "AsyncEventHandlers.ExampleApp\AsyncEventHandlers.ExampleApp.csproj", "{00D5E96D-039D-4BC7-AB8A-F8253FFE1871}"
EndProject
Global
	GlobalSection(SolutionConfigurationPlatforms) = preSolution
		Debug|Any CPU = Debug|Any CPU
		Release|Any CPU = Release|Any CPU
	EndGlobalSection
	GlobalSection(ProjectConfigurationPlatforms) = postSolution
		{00D5E96D-039D-4BC7-AB8A-F8253FFE1871}.Debug|Any CPU.ActiveCfg = Debug|Any CPU
		{00D5E96D-039D-4BC7-AB8A-F8253FFE1871}.Debug|Any CPU.Build.0 = Debug|Any CPU
		{00D5E96D-039D-4BC7-AB8A-F8253FFE1871}.Release|Any CPU.ActiveCfg = Release|Any CPU
		{00D5E96D-039D-4BC7-AB8A-F8253FFE1871}.Release|Any CPU.Build.0 = Release|Any CPU
	EndGlobalSection
	GlobalSection(SolutionProperties) = preSolution
		HideSolutionNode = FALSE
	EndGlobalSection
	GlobalSection(ExtensibilityGlobals) = postSolution
		SolutionGuid = {D390D3F4-9AA1-424C-BA34-F8B2C1016094}
	EndGlobalSection
EndGlobal
