
Microsoft Visual Studio Solution File, Format Version 12.00
# Visual Studio Version 17
VisualStudioVersion = 17.0.31919.166
MinimumVisualStudioVersion = 10.0.40219.1
Project("{2150E333-8FDC-42A3-9474-1A3956D46DE8}") = "src", "src", "{827E0CD3-B72D-47B6-A68D-7590B98EB39B}"
EndProject
Project("{2150E333-8FDC-42A3-9474-1A3956D46DE8}") = "Step1_Monolith", "Step1_Monolith", "{2EF38E04-040F-5550-CFCC-1829BE26A13A}"
EndProject
Project("{FAE04EC0-301F-11D3-BF4B-00C04F79EFBC}") = "LegacyApp", "src\Step1_Monolith\LegacyApp\LegacyApp.csproj", "{7B7040D7-4C14-46FA-9ED8-EF280B7C3656}"
EndProject
Project("{2150E333-8FDC-42A3-9474-1A3956D46DE8}") = "Step2_StranglerFacade", "Step2_StranglerFacade", "{DBC23842-98D3-71A2-C64C-C1DB165D89DE}"
EndProject
Project("{FAE04EC0-301F-11D3-BF4B-00C04F79EFBC}") = "LegacyApp", "src\Step2_StranglerFacade\LegacyApp\LegacyApp.csproj", "{8FE87351-61FA-4A5E-8DC1-473477DAEC62}"
EndProject
Project("{FAE04EC0-301F-11D3-BF4B-00C04F79EFBC}") = "Products.Service", "src\Step2_StranglerFacade\Products.Service\Products.Service.csproj", "{27D42BC3-BDE9-4CC6-BC0F-FF3998851F23}"
EndProject
Project("{FAE04EC0-301F-11D3-BF4B-00C04F79EFBC}") = "StranglerFacade", "src\Step2_StranglerFacade\StranglerFacade\StranglerFacade.csproj", "{B43A8385-C16A-49FD-96E1-3986AA45545B}"
EndProject
Project("{2150E333-8FDC-42A3-9474-1A3956D46DE8}") = "Step3_FullExtraction", "Step3_FullExtraction", "{FB569CA1-52D0-8DBD-EEC0-DD91E65A6ADC}"
EndProject
Project("{FAE04EC0-301F-11D3-BF4B-00C04F79EFBC}") = "Products.Service", "src\Step3_FullExtraction\Products.Service\Products.Service.csproj", "{2CE381E4-0B6B-45F2-9B4E-EA1B3FD7D8E4}"
EndProject
Project("{FAE04EC0-301F-11D3-BF4B-00C04F79EFBC}") = "Orders.Service", "src\Step3_FullExtraction\Orders.Service\Orders.Service.csproj", "{8F60FDD4-24C6-4D82-98F6-529343494A60}"
EndProject
Project("{FAE04EC0-301F-11D3-BF4B-00C04F79EFBC}") = "Customers.Service", "src\Step3_FullExtraction\Customers.Service\Customers.Service.csproj", "{3388BC10-0B1A-4F45-A00F-92380C369B5B}"
EndProject
Global
	GlobalSection(SolutionConfigurationPlatforms) = preSolution
		Debug|Any CPU = Debug|Any CPU
		Debug|x64 = Debug|x64
		Debug|x86 = Debug|x86
		Release|Any CPU = Release|Any CPU
		Release|x64 = Release|x64
		Release|x86 = Release|x86
	EndGlobalSection
	GlobalSection(ProjectConfigurationPlatforms) = postSolution
		{7B7040D7-4C14-46FA-9ED8-EF280B7C3656}.Debug|Any CPU.ActiveCfg = Debug|Any CPU
		{7B7040D7-4C14-46FA-9ED8-EF280B7C3656}.Debug|Any CPU.Build.0 = Debug|Any CPU
		{7B7040D7-4C14-46FA-9ED8-EF280B7C3656}.Debug|x64.ActiveCfg = Debug|Any CPU
		{7B7040D7-4C14-46FA-9ED8-EF280B7C3656}.Debug|x64.Build.0 = Debug|Any CPU
		{7B7040D7-4C14-46FA-9ED8-EF280B7C3656}.Debug|x86.ActiveCfg = Debug|Any CPU
		{7B7040D7-4C14-46FA-9ED8-EF280B7C3656}.Debug|x86.Build.0 = Debug|Any CPU
		{7B7040D7-4C14-46FA-9ED8-EF280B7C3656}.Release|Any CPU.ActiveCfg = Release|Any CPU
		{7B7040D7-4C14-46FA-9ED8-EF280B7C3656}.Release|Any CPU.Build.0 = Release|Any CPU
		{7B7040D7-4C14-46FA-9ED8-EF280B7C3656}.Release|x64.ActiveCfg = Release|Any CPU
		{7B7040D7-4C14-46FA-9ED8-EF280B7C3656}.Release|x64.Build.0 = Release|Any CPU
		{7B7040D7-4C14-46FA-9ED8-EF280B7C3656}.Release|x86.ActiveCfg = Release|Any CPU
		{7B7040D7-4C14-46FA-9ED8-EF280B7C3656}.Release|x86.Build.0 = Release|Any CPU
		{8FE87351-61FA-4A5E-8DC1-473477DAEC62}.Debug|Any CPU.ActiveCfg = Debug|Any CPU
		{8FE87351-61FA-4A5E-8DC1-473477DAEC62}.Debug|Any CPU.Build.0 = Debug|Any CPU
		{8FE87351-61FA-4A5E-8DC1-473477DAEC62}.Debug|x64.ActiveCfg = Debug|Any CPU
		{8FE87351-61FA-4A5E-8DC1-473477DAEC62}.Debug|x64.Build.0 = Debug|Any CPU
		{8FE87351-61FA-4A5E-8DC1-473477DAEC62}.Debug|x86.ActiveCfg = Debug|Any CPU
		{8FE87351-61FA-4A5E-8DC1-473477DAEC62}.Debug|x86.Build.0 = Debug|Any CPU
		{8FE87351-61FA-4A5E-8DC1-473477DAEC62}.Release|Any CPU.ActiveCfg = Release|Any CPU
		{8FE87351-61FA-4A5E-8DC1-473477DAEC62}.Release|Any CPU.Build.0 = Release|Any CPU
		{8FE87351-61FA-4A5E-8DC1-473477DAEC62}.Release|x64.ActiveCfg = Release|Any CPU
		{8FE87351-61FA-4A5E-8DC1-473477DAEC62}.Release|x64.Build.0 = Release|Any CPU
		{8FE87351-61FA-4A5E-8DC1-473477DAEC62}.Release|x86.ActiveCfg = Release|Any CPU
		{8FE87351-61FA-4A5E-8DC1-473477DAEC62}.Release|x86.Build.0 = Release|Any CPU
		{27D42BC3-BDE9-4CC6-BC0F-FF3998851F23}.Debug|Any CPU.ActiveCfg = Debug|Any CPU
		{27D42BC3-BDE9-4CC6-BC0F-FF3998851F23}.Debug|Any CPU.Build.0 = Debug|Any CPU
		{27D42BC3-BDE9-4CC6-BC0F-FF3998851F23}.Debug|x64.ActiveCfg = Debug|Any CPU
		{27D42BC3-BDE9-4CC6-BC0F-FF3998851F23}.Debug|x64.Build.0 = Debug|Any CPU
		{27D42BC3-BDE9-4CC6-BC0F-FF3998851F23}.Debug|x86.ActiveCfg = Debug|Any CPU
		{27D42BC3-BDE9-4CC6-BC0F-FF3998851F23}.Debug|x86.Build.0 = Debug|Any CPU
		{27D42BC3-BDE9-4CC6-BC0F-FF3998851F23}.Release|Any CPU.ActiveCfg = Release|Any CPU
		{27D42BC3-BDE9-4CC6-BC0F-FF3998851F23}.Release|Any CPU.Build.0 = Release|Any CPU
		{27D42BC3-BDE9-4CC6-BC0F-FF3998851F23}.Release|x64.ActiveCfg = Release|Any CPU
		{27D42BC3-BDE9-4CC6-BC0F-FF3998851F23}.Release|x64.Build.0 = Release|Any CPU
		{27D42BC3-BDE9-4CC6-BC0F-FF3998851F23}.Release|x86.ActiveCfg = Release|Any CPU
		{27D42BC3-BDE9-4CC6-BC0F-FF3998851F23}.Release|x86.Build.0 = Release|Any CPU
		{B43A8385-C16A-49FD-96E1-3986AA45545B}.Debug|Any CPU.ActiveCfg = Debug|Any CPU
		{B43A8385-C16A-49FD-96E1-3986AA45545B}.Debug|Any CPU.Build.0 = Debug|Any CPU
		{B43A8385-C16A-49FD-96E1-3986AA45545B}.Debug|x64.ActiveCfg = Debug|Any CPU
		{B43A8385-C16A-49FD-96E1-3986AA45545B}.Debug|x64.Build.0 = Debug|Any CPU
		{B43A8385-C16A-49FD-96E1-3986AA45545B}.Debug|x86.ActiveCfg = Debug|Any CPU
		{B43A8385-C16A-49FD-96E1-3986AA45545B}.Debug|x86.Build.0 = Debug|Any CPU
		{B43A8385-C16A-49FD-96E1-3986AA45545B}.Release|Any CPU.ActiveCfg = Release|Any CPU
		{B43A8385-C16A-49FD-96E1-3986AA45545B}.Release|Any CPU.Build.0 = Release|Any CPU
		{B43A8385-C16A-49FD-96E1-3986AA45545B}.Release|x64.ActiveCfg = Release|Any CPU
		{B43A8385-C16A-49FD-96E1-3986AA45545B}.Release|x64.Build.0 = Release|Any CPU
		{B43A8385-C16A-49FD-96E1-3986AA45545B}.Release|x86.ActiveCfg = Release|Any CPU
		{B43A8385-C16A-49FD-96E1-3986AA45545B}.Release|x86.Build.0 = Release|Any CPU
		{2CE381E4-0B6B-45F2-9B4E-EA1B3FD7D8E4}.Debug|Any CPU.ActiveCfg = Debug|Any CPU
		{2CE381E4-0B6B-45F2-9B4E-EA1B3FD7D8E4}.Debug|Any CPU.Build.0 = Debug|Any CPU
		{2CE381E4-0B6B-45F2-9B4E-EA1B3FD7D8E4}.Debug|x64.ActiveCfg = Debug|Any CPU
		{2CE381E4-0B6B-45F2-9B4E-EA1B3FD7D8E4}.Debug|x64.Build.0 = Debug|Any CPU
		{2CE381E4-0B6B-45F2-9B4E-EA1B3FD7D8E4}.Debug|x86.ActiveCfg = Debug|Any CPU
		{2CE381E4-0B6B-45F2-9B4E-EA1B3FD7D8E4}.Debug|x86.Build.0 = Debug|Any CPU
		{2CE381E4-0B6B-45F2-9B4E-EA1B3FD7D8E4}.Release|Any CPU.ActiveCfg = Release|Any CPU
		{2CE381E4-0B6B-45F2-9B4E-EA1B3FD7D8E4}.Release|Any CPU.Build.0 = Release|Any CPU
		{2CE381E4-0B6B-45F2-9B4E-EA1B3FD7D8E4}.Release|x64.ActiveCfg = Release|Any CPU
		{2CE381E4-0B6B-45F2-9B4E-EA1B3FD7D8E4}.Release|x64.Build.0 = Release|Any CPU
		{2CE381E4-0B6B-45F2-9B4E-EA1B3FD7D8E4}.Release|x86.ActiveCfg = Release|Any CPU
		{2CE381E4-0B6B-45F2-9B4E-EA1B3FD7D8E4}.Release|x86.Build.0 = Release|Any CPU
		{8F60FDD4-24C6-4D82-98F6-529343494A60}.Debug|Any CPU.ActiveCfg = Debug|Any CPU
		{8F60FDD4-24C6-4D82-98F6-529343494A60}.Debug|Any CPU.Build.0 = Debug|Any CPU
		{8F60FDD4-24C6-4D82-98F6-529343494A60}.Debug|x64.ActiveCfg = Debug|Any CPU
		{8F60FDD4-24C6-4D82-98F6-529343494A60}.Debug|x64.Build.0 = Debug|Any CPU
		{8F60FDD4-24C6-4D82-98F6-529343494A60}.Debug|x86.ActiveCfg = Debug|Any CPU
		{8F60FDD4-24C6-4D82-98F6-529343494A60}.Debug|x86.Build.0 = Debug|Any CPU
		{8F60FDD4-24C6-4D82-98F6-529343494A60}.Release|Any CPU.ActiveCfg = Release|Any CPU
		{8F60FDD4-24C6-4D82-98F6-529343494A60}.Release|Any CPU.Build.0 = Release|Any CPU
		{8F60FDD4-24C6-4D82-98F6-529343494A60}.Release|x64.ActiveCfg = Release|Any CPU
		{8F60FDD4-24C6-4D82-98F6-529343494A60}.Release|x64.Build.0 = Release|Any CPU
		{8F60FDD4-24C6-4D82-98F6-529343494A60}.Release|x86.ActiveCfg = Release|Any CPU
		{8F60FDD4-24C6-4D82-98F6-529343494A60}.Release|x86.Build.0 = Release|Any CPU
		{3388BC10-0B1A-4F45-A00F-92380C369B5B}.Debug|Any CPU.ActiveCfg = Debug|Any CPU
		{3388BC10-0B1A-4F45-A00F-92380C369B5B}.Debug|Any CPU.Build.0 = Debug|Any CPU
		{3388BC10-0B1A-4F45-A00F-92380C369B5B}.Debug|x64.ActiveCfg = Debug|Any CPU
		{3388BC10-0B1A-4F45-A00F-92380C369B5B}.Debug|x64.Build.0 = Debug|Any CPU
		{3388BC10-0B1A-4F45-A00F-92380C369B5B}.Debug|x86.ActiveCfg = Debug|Any CPU
		{3388BC10-0B1A-4F45-A00F-92380C369B5B}.Debug|x86.Build.0 = Debug|Any CPU
		{3388BC10-0B1A-4F45-A00F-92380C369B5B}.Release|Any CPU.ActiveCfg = Release|Any CPU
		{3388BC10-0B1A-4F45-A00F-92380C369B5B}.Release|Any CPU.Build.0 = Release|Any CPU
		{3388BC10-0B1A-4F45-A00F-92380C369B5B}.Release|x64.ActiveCfg = Release|Any CPU
		{3388BC10-0B1A-4F45-A00F-92380C369B5B}.Release|x64.Build.0 = Release|Any CPU
		{3388BC10-0B1A-4F45-A00F-92380C369B5B}.Release|x86.ActiveCfg = Release|Any CPU
		{3388BC10-0B1A-4F45-A00F-92380C369B5B}.Release|x86.Build.0 = Release|Any CPU
	EndGlobalSection
	GlobalSection(SolutionProperties) = preSolution
		HideSolutionNode = FALSE
	EndGlobalSection
	GlobalSection(NestedProjects) = preSolution
		{2EF38E04-040F-5550-CFCC-1829BE26A13A} = {827E0CD3-B72D-47B6-A68D-7590B98EB39B}
		{7B7040D7-4C14-46FA-9ED8-EF280B7C3656} = {2EF38E04-040F-5550-CFCC-1829BE26A13A}
		{DBC23842-98D3-71A2-C64C-C1DB165D89DE} = {827E0CD3-B72D-47B6-A68D-7590B98EB39B}
		{8FE87351-61FA-4A5E-8DC1-473477DAEC62} = {DBC23842-98D3-71A2-C64C-C1DB165D89DE}
		{27D42BC3-BDE9-4CC6-BC0F-FF3998851F23} = {DBC23842-98D3-71A2-C64C-C1DB165D89DE}
		{B43A8385-C16A-49FD-96E1-3986AA45545B} = {DBC23842-98D3-71A2-C64C-C1DB165D89DE}
		{FB569CA1-52D0-8DBD-EEC0-DD91E65A6ADC} = {827E0CD3-B72D-47B6-A68D-7590B98EB39B}
		{2CE381E4-0B6B-45F2-9B4E-EA1B3FD7D8E4} = {FB569CA1-52D0-8DBD-EEC0-DD91E65A6ADC}
		{8F60FDD4-24C6-4D82-98F6-529343494A60} = {FB569CA1-52D0-8DBD-EEC0-DD91E65A6ADC}
		{3388BC10-0B1A-4F45-A00F-92380C369B5B} = {FB569CA1-52D0-8DBD-EEC0-DD91E65A6ADC}
	EndGlobalSection
EndGlobal
