
Microsoft Visual Studio Solution File, Format Version 12.00
# Visual Studio Version 17
VisualStudioVersion = 17.9.34902.65
MinimumVisualStudioVersion = 10.0.40219.1
Project("{FAE04EC0-301F-11D3-BF4B-00C04F79EFBC}") = "AzureBlobStorageExamples.ConsoleApp", "AzureBlobStorageExamples.ConsoleApp\AzureBlobStorageExamples.ConsoleApp.csproj", "{A51A53F7-B367-4E62-A829-C7287B77994C}"
EndProject
Global
	GlobalSection(SolutionConfigurationPlatforms) = preSolution
		Debug|Any CPU = Debug|Any CPU
		Release|Any CPU = Release|Any CPU
	EndGlobalSection
	GlobalSection(ProjectConfigurationPlatforms) = postSolution
		{A51A53F7-B367-4E62-A829-C7287B77994C}.Debug|Any CPU.ActiveCfg = Debug|Any CPU
		{A51A53F7-B367-4E62-A829-C7287B77994C}.Debug|Any CPU.Build.0 = Debug|Any CPU
		{A51A53F7-B367-4E62-A829-C7287B77994C}.Release|Any CPU.ActiveCfg = Release|Any CPU
		{A51A53F7-B367-4E62-A829-C7287B77994C}.Release|Any CPU.Build.0 = Release|Any CPU
	EndGlobalSection
	GlobalSection(SolutionProperties) = preSolution
		HideSolutionNode = FALSE
	EndGlobalSection
	GlobalSection(ExtensibilityGlobals) = postSolution
		SolutionGuid = {710F154A-2E4D-44BB-A738-33FE923BBF99}
	EndGlobalSection
EndGlobal
