
Microsoft Visual Studio Solution File, Format Version 12.00
# Visual Studio Version 17
VisualStudioVersion = 17.6.33829.357
MinimumVisualStudioVersion = 10.0.40219.1
Project("{FAE04EC0-301F-11D3-BF4B-00C04F79EFBC}") = "LegacyCodeNightmare.SomeLegacyCode", "LegacyCodeNightmare.SomeLegacyCode\LegacyCodeNightmare.SomeLegacyCode.csproj", "{DC948DF8-00FF-44AF-AC9B-389D668D3674}"
EndProject
Project("{FAE04EC0-301F-11D3-BF4B-00C04F79EFBC}") = "LegacyCodeNightmare.Tests", "LegacyCodeNightmare.Tests\LegacyCodeNightmare.Tests.csproj", "{D2CB9DF4-C5F5-4462-A6EB-6CCF81C0FAF6}"
EndProject
Global
	GlobalSection(SolutionConfigurationPlatforms) = preSolution
		Debug|Any CPU = Debug|Any CPU
		Release|Any CPU = Release|Any CPU
	EndGlobalSection
	GlobalSection(ProjectConfigurationPlatforms) = postSolution
		{DC948DF8-00FF-44AF-AC9B-389D668D3674}.Debug|Any CPU.ActiveCfg = Debug|Any CPU
		{DC948DF8-00FF-44AF-AC9B-389D668D3674}.Debug|Any CPU.Build.0 = Debug|Any CPU
		{DC948DF8-00FF-44AF-AC9B-389D668D3674}.Release|Any CPU.ActiveCfg = Release|Any CPU
		{DC948DF8-00FF-44AF-AC9B-389D668D3674}.Release|Any CPU.Build.0 = Release|Any CPU
		{D2CB9DF4-C5F5-4462-A6EB-6CCF81C0FAF6}.Debug|Any CPU.ActiveCfg = Debug|Any CPU
		{D2CB9DF4-C5F5-4462-A6EB-6CCF81C0FAF6}.Debug|Any CPU.Build.0 = Debug|Any CPU
		{D2CB9DF4-C5F5-4462-A6EB-6CCF81C0FAF6}.Release|Any CPU.ActiveCfg = Release|Any CPU
		{D2CB9DF4-C5F5-4462-A6EB-6CCF81C0FAF6}.Release|Any CPU.Build.0 = Release|Any CPU
	EndGlobalSection
	GlobalSection(SolutionProperties) = preSolution
		HideSolutionNode = FALSE
	EndGlobalSection
	GlobalSection(ExtensibilityGlobals) = postSolution
		SolutionGuid = {1DE15D0B-FEC3-4BB3-A8C1-44A06C971E05}
	EndGlobalSection
EndGlobal
