
Microsoft Visual Studio Solution File, Format Version 12.00
# Visual Studio Version 17
VisualStudioVersion = 17.9.34902.65
MinimumVisualStudioVersion = 10.0.40219.1
Project("{FAE04EC0-301F-11D3-BF4B-00C04F79EFBC}") = "UnsafeAccessors.ConsoleApp", "UnsafeAccessors.ConsoleApp\UnsafeAccessors.ConsoleApp.csproj", "{7451041D-2C2B-4352-B7C8-D9DC29DD8E76}"
EndProject
Project("{FAE04EC0-301F-11D3-BF4B-00C04F79EFBC}") = "UnsafeAccessors.Benchmarks", "UnsafeAccessors.Benchmarks\UnsafeAccessors.Benchmarks.csproj", "{D4493A03-2E1E-4659-B5B5-288B1A5A853A}"
EndProject
Global
	GlobalSection(SolutionConfigurationPlatforms) = preSolution
		Debug|Any CPU = Debug|Any CPU
		Release|Any CPU = Release|Any CPU
	EndGlobalSection
	GlobalSection(ProjectConfigurationPlatforms) = postSolution
		{7451041D-2C2B-4352-B7C8-D9DC29DD8E76}.Debug|Any CPU.ActiveCfg = Debug|Any CPU
		{7451041D-2C2B-4352-B7C8-D9DC29DD8E76}.Debug|Any CPU.Build.0 = Debug|Any CPU
		{7451041D-2C2B-4352-B7C8-D9DC29DD8E76}.Release|Any CPU.ActiveCfg = Release|Any CPU
		{7451041D-2C2B-4352-B7C8-D9DC29DD8E76}.Release|Any CPU.Build.0 = Release|Any CPU
		{D4493A03-2E1E-4659-B5B5-288B1A5A853A}.Debug|Any CPU.ActiveCfg = Debug|Any CPU
		{D4493A03-2E1E-4659-B5B5-288B1A5A853A}.Debug|Any CPU.Build.0 = Debug|Any CPU
		{D4493A03-2E1E-4659-B5B5-288B1A5A853A}.Release|Any CPU.ActiveCfg = Release|Any CPU
		{D4493A03-2E1E-4659-B5B5-288B1A5A853A}.Release|Any CPU.Build.0 = Release|Any CPU
	EndGlobalSection
	GlobalSection(SolutionProperties) = preSolution
		HideSolutionNode = FALSE
	EndGlobalSection
	GlobalSection(ExtensibilityGlobals) = postSolution
		SolutionGuid = {A958072E-C810-498D-804E-11DBCDDABC7E}
	EndGlobalSection
EndGlobal
