
Microsoft Visual Studio Solution File, Format Version 12.00
# Visual Studio Version 17
VisualStudioVersion = 17.9.34902.65
MinimumVisualStudioVersion = 10.0.40219.1
Project("{FAE04EC0-301F-11D3-BF4B-00C04F79EFBC}") = "ExceptionHandling", "ExceptionHandling\ExceptionHandling.csproj", "{4C6E3922-AE10-4287-B7C8-430D051BD236}"
EndProject
Global
	GlobalSection(SolutionConfigurationPlatforms) = preSolution
		Debug|Any CPU = Debug|Any CPU
		Release|Any CPU = Release|Any CPU
	EndGlobalSection
	GlobalSection(ProjectConfigurationPlatforms) = postSolution
		{4C6E3922-AE10-4287-B7C8-430D051BD236}.Debug|Any CPU.ActiveCfg = Debug|Any CPU
		{4C6E3922-AE10-4287-B7C8-430D051BD236}.Debug|Any CPU.Build.0 = Debug|Any CPU
		{4C6E3922-AE10-4287-B7C8-430D051BD236}.Release|Any CPU.ActiveCfg = Release|Any CPU
		{4C6E3922-AE10-4287-B7C8-430D051BD236}.Release|Any CPU.Build.0 = Release|Any CPU
	EndGlobalSection
	GlobalSection(SolutionProperties) = preSolution
		HideSolutionNode = FALSE
	EndGlobalSection
	GlobalSection(ExtensibilityGlobals) = postSolution
		SolutionGuid = {DBA178BC-9A8A-4EEF-99CE-F79A13C6A5EC}
	EndGlobalSection
EndGlobal
