
Microsoft Visual Studio Solution File, Format Version 12.00
# Visual Studio Version 17
VisualStudioVersion = 17.6.33927.249
MinimumVisualStudioVersion = 10.0.40219.1
Project("{FAE04EC0-301F-11D3-BF4B-00C04F79EFBC}") = "ExampleApplication", "ExampleApplication\ExampleApplication.csproj", "{E9E046F4-BEB7-480C-AE78-BE7559F85BB4}"
EndProject
Project("{FAE04EC0-301F-11D3-BF4B-00C04F79EFBC}") = "ExampleApplication.Tests", "ExampleApplication.Tests\ExampleApplication.Tests.csproj", "{F6B0614B-4D36-4DAC-B4F7-C27D6E382804}"
EndProject
Global
	GlobalSection(SolutionConfigurationPlatforms) = preSolution
		Debug|Any CPU = Debug|Any CPU
		Release|Any CPU = Release|Any CPU
	EndGlobalSection
	GlobalSection(ProjectConfigurationPlatforms) = postSolution
		{E9E046F4-BEB7-480C-AE78-BE7559F85BB4}.Debug|Any CPU.ActiveCfg = Debug|Any CPU
		{E9E046F4-BEB7-480C-AE78-BE7559F85BB4}.Debug|Any CPU.Build.0 = Debug|Any CPU
		{E9E046F4-BEB7-480C-AE78-BE7559F85BB4}.Release|Any CPU.ActiveCfg = Release|Any CPU
		{E9E046F4-BEB7-480C-AE78-BE7559F85BB4}.Release|Any CPU.Build.0 = Release|Any CPU
		{F6B0614B-4D36-4DAC-B4F7-C27D6E382804}.Debug|Any CPU.ActiveCfg = Debug|Any CPU
		{F6B0614B-4D36-4DAC-B4F7-C27D6E382804}.Debug|Any CPU.Build.0 = Debug|Any CPU
		{F6B0614B-4D36-4DAC-B4F7-C27D6E382804}.Release|Any CPU.ActiveCfg = Release|Any CPU
		{F6B0614B-4D36-4DAC-B4F7-C27D6E382804}.Release|Any CPU.Build.0 = Release|Any CPU
	EndGlobalSection
	GlobalSection(SolutionProperties) = preSolution
		HideSolutionNode = FALSE
	EndGlobalSection
	GlobalSection(ExtensibilityGlobals) = postSolution
		SolutionGuid = {462E5CD1-19E8-4FE3-A202-DA2A82BD1106}
	EndGlobalSection
EndGlobal
