
Microsoft Visual Studio Solution File, Format Version 12.00
# Visual Studio Version 17
VisualStudioVersion = 17.8.34330.188
MinimumVisualStudioVersion = 10.0.40219.1
Project("{FAE04EC0-301F-11D3-BF4B-00C04F79EFBC}") = "PrimaryConstructorExamples", "PrimaryConstructorExamples\PrimaryConstructorExamples.csproj", "{77692C38-E5D7-4BFE-B679-D305C5C68386}"
EndProject
Global
	GlobalSection(SolutionConfigurationPlatforms) = preSolution
		Debug|Any CPU = Debug|Any CPU
		Release|Any CPU = Release|Any CPU
	EndGlobalSection
	GlobalSection(ProjectConfigurationPlatforms) = postSolution
		{77692C38-E5D7-4BFE-B679-D305C5C68386}.Debug|Any CPU.ActiveCfg = Debug|Any CPU
		{77692C38-E5D7-4BFE-B679-D305C5C68386}.Debug|Any CPU.Build.0 = Debug|Any CPU
		{77692C38-E5D7-4BFE-B679-D305C5C68386}.Release|Any CPU.ActiveCfg = Release|Any CPU
		{77692C38-E5D7-4BFE-B679-D305C5C68386}.Release|Any CPU.Build.0 = Release|Any CPU
	EndGlobalSection
	GlobalSection(SolutionProperties) = preSolution
		HideSolutionNode = FALSE
	EndGlobalSection
	GlobalSection(ExtensibilityGlobals) = postSolution
		SolutionGuid = {25DAE061-DAFA-4F45-9F55-5928B8D2F717}
	EndGlobalSection
EndGlobal
