
Microsoft Visual Studio Solution File, Format Version 12.00
# Visual Studio Version 17
VisualStudioVersion = 17.8.34330.188
MinimumVisualStudioVersion = 10.0.40219.1
Project("{9A19103F-16F7-4668-BE54-9A1E7A4F7556}") = "ExploringLaziness", "ExploringLaziness\ExploringLaziness.csproj", "{3D9B60D2-AA32-4BA0-8D44-3DD9C7CB15F7}"
EndProject
Project("{FAE04EC0-301F-11D3-BF4B-00C04F79EFBC}") = "HoldingResources", "HoldingResources\HoldingResources.csproj", "{89D56936-0C38-4905-A647-BEDA0AF17B75}"
EndProject
Global
	GlobalSection(SolutionConfigurationPlatforms) = preSolution
		Debug|Any CPU = Debug|Any CPU
		Release|Any CPU = Release|Any CPU
	EndGlobalSection
	GlobalSection(ProjectConfigurationPlatforms) = postSolution
		{3D9B60D2-AA32-4BA0-8D44-3DD9C7CB15F7}.Debug|Any CPU.ActiveCfg = Debug|Any CPU
		{3D9B60D2-AA32-4BA0-8D44-3DD9C7CB15F7}.Debug|Any CPU.Build.0 = Debug|Any CPU
		{3D9B60D2-AA32-4BA0-8D44-3DD9C7CB15F7}.Release|Any CPU.ActiveCfg = Release|Any CPU
		{3D9B60D2-AA32-4BA0-8D44-3DD9C7CB15F7}.Release|Any CPU.Build.0 = Release|Any CPU
		{89D56936-0C38-4905-A647-BEDA0AF17B75}.Debug|Any CPU.ActiveCfg = Debug|Any CPU
		{89D56936-0C38-4905-A647-BEDA0AF17B75}.Debug|Any CPU.Build.0 = Debug|Any CPU
		{89D56936-0C38-4905-A647-BEDA0AF17B75}.Release|Any CPU.ActiveCfg = Release|Any CPU
		{89D56936-0C38-4905-A647-BEDA0AF17B75}.Release|Any CPU.Build.0 = Release|Any CPU
	EndGlobalSection
	GlobalSection(SolutionProperties) = preSolution
		HideSolutionNode = FALSE
	EndGlobalSection
	GlobalSection(ExtensibilityGlobals) = postSolution
		SolutionGuid = {4F3C2458-7233-4662-80E9-2769B29FD88F}
	EndGlobalSection
EndGlobal
