
Microsoft Visual Studio Solution File, Format Version 12.00
# Visual Studio Version 17
VisualStudioVersion = 17.6.33829.357
MinimumVisualStudioVersion = 10.0.40219.1
Project("{FAE04EC0-301F-11D3-BF4B-00C04F79EFBC}") = "InternalsVisibleTo", "InternalsVisibleTo\InternalsVisibleTo.csproj", "{27BB90E9-096A-479C-A12B-7C01C0CA2423}"
EndProject
Project("{FAE04EC0-301F-11D3-BF4B-00C04F79EFBC}") = "InternalsVisibleTo.UnitTests", "InternalsVisibleTo.UnitTests\InternalsVisibleTo.UnitTests.csproj", "{F86FCAA9-5DF7-4AA3-80DA-2730E066B6FD}"
EndProject
Global
	GlobalSection(SolutionConfigurationPlatforms) = preSolution
		Debug|Any CPU = Debug|Any CPU
		Release|Any CPU = Release|Any CPU
	EndGlobalSection
	GlobalSection(ProjectConfigurationPlatforms) = postSolution
		{27BB90E9-096A-479C-A12B-7C01C0CA2423}.Debug|Any CPU.ActiveCfg = Debug|Any CPU
		{27BB90E9-096A-479C-A12B-7C01C0CA2423}.Debug|Any CPU.Build.0 = Debug|Any CPU
		{27BB90E9-096A-479C-A12B-7C01C0CA2423}.Release|Any CPU.ActiveCfg = Release|Any CPU
		{27BB90E9-096A-479C-A12B-7C01C0CA2423}.Release|Any CPU.Build.0 = Release|Any CPU
		{F86FCAA9-5DF7-4AA3-80DA-2730E066B6FD}.Debug|Any CPU.ActiveCfg = Debug|Any CPU
		{F86FCAA9-5DF7-4AA3-80DA-2730E066B6FD}.Debug|Any CPU.Build.0 = Debug|Any CPU
		{F86FCAA9-5DF7-4AA3-80DA-2730E066B6FD}.Release|Any CPU.ActiveCfg = Release|Any CPU
		{F86FCAA9-5DF7-4AA3-80DA-2730E066B6FD}.Release|Any CPU.Build.0 = Release|Any CPU
	EndGlobalSection
	GlobalSection(SolutionProperties) = preSolution
		HideSolutionNode = FALSE
	EndGlobalSection
	GlobalSection(ExtensibilityGlobals) = postSolution
		SolutionGuid = {98AD88A9-5EAC-493A-9D72-73A7D9337570}
	EndGlobalSection
EndGlobal
