
Microsoft Visual Studio Solution File, Format Version 12.00
# Visual Studio Version 17
VisualStudioVersion = 17.5.33516.290
MinimumVisualStudioVersion = 10.0.40219.1
Project("{FAE04EC0-301F-11D3-BF4B-00C04F79EFBC}") = "Benchmarking.BenchmarkDotNet.Intro", "Benchmarking.BenchmarkDotNet.Intro\Benchmarking.BenchmarkDotNet.Intro.csproj", "{EE7D9B75-1032-4CDD-BCD5-EB6B7CD3CEC7}"
EndProject
Global
	GlobalSection(SolutionConfigurationPlatforms) = preSolution
		Debug|Any CPU = Debug|Any CPU
		Release|Any CPU = Release|Any CPU
	EndGlobalSection
	GlobalSection(ProjectConfigurationPlatforms) = postSolution
		{EE7D9B75-1032-4CDD-BCD5-EB6B7CD3CEC7}.Debug|Any CPU.ActiveCfg = Debug|Any CPU
		{EE7D9B75-1032-4CDD-BCD5-EB6B7CD3CEC7}.Debug|Any CPU.Build.0 = Debug|Any CPU
		{EE7D9B75-1032-4CDD-BCD5-EB6B7CD3CEC7}.Release|Any CPU.ActiveCfg = Release|Any CPU
		{EE7D9B75-1032-4CDD-BCD5-EB6B7CD3CEC7}.Release|Any CPU.Build.0 = Release|Any CPU
	EndGlobalSection
	GlobalSection(SolutionProperties) = preSolution
		HideSolutionNode = FALSE
	EndGlobalSection
	GlobalSection(ExtensibilityGlobals) = postSolution
		SolutionGuid = {91E8FA70-CB71-4ABD-A00E-0CF8A5CFA030}
	EndGlobalSection
EndGlobal
