
Microsoft Visual Studio Solution File, Format Version 12.00
# Visual Studio Version 17
VisualStudioVersion = 17.5.33516.290
MinimumVisualStudioVersion = 10.0.40219.1
Project("{FAE04EC0-301F-11D3-BF4B-00C04F79EFBC}") = "SpanExamles.Benchmarks", "SpanExamles.Benchmarks\SpanExamles.Benchmarks.csproj", "{57BADA58-73A4-4F92-AD05-A432161D0601}"
EndProject
Global
	GlobalSection(SolutionConfigurationPlatforms) = preSolution
		Debug|Any CPU = Debug|Any CPU
		Release|Any CPU = Release|Any CPU
	EndGlobalSection
	GlobalSection(ProjectConfigurationPlatforms) = postSolution
		{57BADA58-73A4-4F92-AD05-A432161D0601}.Debug|Any CPU.ActiveCfg = Debug|Any CPU
		{57BADA58-73A4-4F92-AD05-A432161D0601}.Debug|Any CPU.Build.0 = Debug|Any CPU
		{57BADA58-73A4-4F92-AD05-A432161D0601}.Release|Any CPU.ActiveCfg = Release|Any CPU
		{57BADA58-73A4-4F92-AD05-A432161D0601}.Release|Any CPU.Build.0 = Release|Any CPU
	EndGlobalSection
	GlobalSection(SolutionProperties) = preSolution
		HideSolutionNode = FALSE
	EndGlobalSection
	GlobalSection(ExtensibilityGlobals) = postSolution
		SolutionGuid = {74660949-A146-4654-AA74-F8FAFEC5C6FD}
	EndGlobalSection
EndGlobal
