
Microsoft Visual Studio Solution File, Format Version 12.00
# Visual Studio Version 17
VisualStudioVersion = 17.4.33205.214
MinimumVisualStudioVersion = 10.0.40219.1
Project("{FAE04EC0-301F-11D3-BF4B-00C04F79EFBC}") = "VehicleCompositionExample", "VehicleCompositionExample\VehicleCompositionExample.csproj", "{22686A2B-BFAB-4C1F-976F-E4EC0EF28BCB}"
EndProject
Global
	GlobalSection(SolutionConfigurationPlatforms) = preSolution
		Debug|Any CPU = Debug|Any CPU
		Release|Any CPU = Release|Any CPU
	EndGlobalSection
	GlobalSection(ProjectConfigurationPlatforms) = postSolution
		{22686A2B-BFAB-4C1F-976F-E4EC0EF28BCB}.Debug|Any CPU.ActiveCfg = Debug|Any CPU
		{22686A2B-BFAB-4C1F-976F-E4EC0EF28BCB}.Debug|Any CPU.Build.0 = Debug|Any CPU
		{22686A2B-BFAB-4C1F-976F-E4EC0EF28BCB}.Release|Any CPU.ActiveCfg = Release|Any CPU
		{22686A2B-BFAB-4C1F-976F-E4EC0EF28BCB}.Release|Any CPU.Build.0 = Release|Any CPU
	EndGlobalSection
	GlobalSection(SolutionProperties) = preSolution
		HideSolutionNode = FALSE
	EndGlobalSection
	GlobalSection(ExtensibilityGlobals) = postSolution
		SolutionGuid = {34F770EA-7E86-4061-925F-82406E86D8FC}
	EndGlobalSection
EndGlobal
